// !$*UTF8*$!
{
	archiveVersion = 1;
	classes = {
	};
	objectVersion = 56;
	objects = {

/* Begin PBXBuildFile section */
		DCE36BE52C6CD6A2005E867A /* AppDelegate.swift in Sources */ = {isa = PBXBuildFile; fileRef = DCE36BE42C6CD6A2005E867A /* AppDelegate.swift */; };
		DCE36BE72C6CD6A2005E867A /* SceneDelegate.swift in Sources */ = {isa = PBXBuildFile; fileRef = DCE36BE62C6CD6A2005E867A /* SceneDelegate.swift */; };
		DCE36BE92C6CD6A2005E867A /* ViewController.swift in Sources */ = {isa = PBXBuildFile; fileRef = DCE36BE82C6CD6A2005E867A /* ViewController.swift */; };
		DCE36BEC2C6CD6A2005E867A /* Main.storyboard in Resources */ = {isa = PBXBuildFile; fileRef = DCE36BEA2C6CD6A2005E867A /* Main.storyboard */; };
		DCE36BEE2C6CD6A4005E867A /* Assets.xcassets in Resources */ = {isa = PBXBuildFile; fileRef = DCE36BED2C6CD6A4005E867A /* Assets.xcassets */; };
		DCE36BF12C6CD6A4005E867A /* LaunchScreen.storyboard in Resources */ = {isa = PBXBuildFile; fileRef = DCE36BEF2C6CD6A4005E867A /* LaunchScreen.storyboard */; };
		DCE36BFB2C6CDFF3005E867A /* filmes.swift in Sources */ = {isa = PBXBuildFile; fileRef = DCE36BFA2C6CDFF3005E867A /* filmes.swift */; };
		DCE36C012C6CE70D005E867A /* filmeCell.swift in Sources */ = {isa = PBXBuildFile; fileRef = DCE36C002C6CE70D005E867A /* filmeCell.swift */; };
		DCE36C032C6CEF6A005E867A /* detalhesViewController.swift in Sources */ = {isa = PBXBuildFile; fileRef = DCE36C022C6CEF6A005E867A /* detalhesViewController.swift */; };
		DCE36C052C6CF87B005E867A /* formesViewController.swift in Sources */ = {isa = PBXBuildFile; fileRef = DCE36C042C6CF87B005E867A /* formesViewController.swift */; };
/* End PBXBuildFile section */

/* Begin PBXFileReference section */
		DCE36BE12C6CD6A2005E867A /* revisaoprova.app */ = {isa = PBXFileReference; explicitFileType = wrapper.application; includeInIndex = 0; path = revisaoprova.app; sourceTree = BUILT_PRODUCTS_DIR; };
		DCE36BE42C6CD6A2005E867A /* AppDelegate.swift */ = {isa = PBXFileReference; lastKnownFileType = sourcecode.swift; path = AppDelegate.swift; sourceTree = "<group>"; };
		DCE36BE62C6CD6A2005E867A /* SceneDelegate.swift */ = {isa = PBXFileReference; lastKnownFileType = sourcecode.swift; path = SceneDelegate.swift; sourceTree = "<group>"; };
		DCE36BE82C6CD6A2005E867A /* ViewController.swift */ = {isa = PBXFileReference; lastKnownFileType = sourcecode.swift; path = ViewController.swift; sourceTree = "<group>"; };
		DCE36BEB2C6CD6A2005E867A /* Base */ = {isa = PBXFileReference; lastKnownFileType = file.storyboard; name = Base; path = Base.lproj/Main.storyboard; sourceTree = "<group>"; };
		DCE36BED2C6CD6A4005E867A /* Assets.xcassets */ = {isa = PBXFileReference; lastKnownFileType = folder.assetcatalog; path = Assets.xcassets; sourceTree = "<group>"; };
		DCE36BF02C6CD6A4005E867A /* Base */ = {isa = PBXFileReference; lastKnownFileType = file.storyboard; name = Base; path = Base.lproj/LaunchScreen.storyboard; sourceTree = "<group>"; };
		DCE36BF22C6CD6A4005E867A /* Info.plist */ = {isa = PBXFileReference; lastKnownFileType = text.plist.xml; path = Info.plist; sourceTree = "<group>"; };
		DCE36BFA2C6CDFF3005E867A /* filmes.swift */ = {isa = PBXFileReference; lastKnownFileType = sourcecode.swift; path = filmes.swift; sourceTree = "<group>"; };
		DCE36C002C6CE70D005E867A /* filmeCell.swift */ = {isa = PBXFileReference; lastKnownFileType = sourcecode.swift; path = filmeCell.swift; sourceTree = "<group>"; };
		DCE36C022C6CEF6A005E867A /* detalhesViewController.swift */ = {isa = PBXFileReference; lastKnownFileType = sourcecode.swift; path = detalhesViewController.swift; sourceTree = "<group>"; };
		DCE36C042C6CF87B005E867A /* formesViewController.swift */ = {isa = PBXFileReference; lastKnownFileType = sourcecode.swift; path = formesViewController.swift; sourceTree = "<group>"; };
/* End PBXFileReference section */

/* Begin PBXFrameworksBuildPhase section */
		DCE36BDE2C6CD6A2005E867A /* Frameworks */ = {
			isa = PBXFrameworksBuildPhase;
			buildActionMask = 2147483647;
			files = (
			);
			runOnlyForDeploymentPostprocessing = 0;
		};
/* End PBXFrameworksBuildPhase section */

/* Begin PBXGroup section */
		DCE36BD82C6CD6A2005E867A = {
			isa = PBXGroup;
			children = (
				DCE36BE32C6CD6A2005E867A /* revisaoprova */,
				DCE36BE22C6CD6A2005E867A /* Products */,
			);
			sourceTree = "<group>";
		};
		DCE36BE22C6CD6A2005E867A /* Products */ = {
			isa = PBXGroup;
			children = (
				DCE36BE12C6CD6A2005E867A /* revisaoprova.app */,
			);
			name = Products;
			sourceTree = "<group>";
		};
		DCE36BE32C6CD6A2005E867A /* revisaoprova */ = {
			isa = PBXGroup;
			children = (
				DCE36BF92C6CDFD5005E867A /* models */,
				DCE36BE42C6CD6A2005E867A /* AppDelegate.swift */,
				DCE36BE62C6CD6A2005E867A /* SceneDelegate.swift */,
				DCE36BE82C6CD6A2005E867A /* ViewController.swift */,
				DCE36BEA2C6CD6A2005E867A /* Main.storyboard */,
				DCE36C042C6CF87B005E867A /* formesViewController.swift */,
				DCE36C022C6CEF6A005E867A /* detalhesViewController.swift */,
				DCE36C002C6CE70D005E867A /* filmeCell.swift */,
				DCE36BED2C6CD6A4005E867A /* Assets.xcassets */,
				DCE36BEF2C6CD6A4005E867A /* LaunchScreen.storyboard */,
				DCE36BF22C6CD6A4005E867A /* Info.plist */,
			);
			path = revisaoprova;
			sourceTree = "<group>";
		};
		DCE36BF92C6CDFD5005E867A /* models */ = {
			isa = PBXGroup;
			children = (
				DCE36BFA2C6CDFF3005E867A /* filmes.swift */,
			);
			path = models;
			sourceTree = "<group>";
		};
/* End PBXGroup section */

/* Begin PBXNativeTarget section */
		DCE36BE02C6CD6A2005E867A /* revisaoprova */ = {
			isa = PBXNativeTarget;
			buildConfigurationList = DCE36BF52C6CD6A4005E867A /* Build configuration list for PBXNativeTarget "revisaoprova" */;
			buildPhases = (
				DCE36BDD2C6CD6A2005E867A /* Sources */,
				DCE36BDE2C6CD6A2005E867A /* Frameworks */,
				DCE36BDF2C6CD6A2005E867A /* Resources */,
			);
			buildRules = (
			);
			dependencies = (
			);
			name = revisaoprova;
			productName = revisaoprova;
			productReference = DCE36BE12C6CD6A2005E867A /* revisaoprova.app */;
			productType = "com.apple.product-type.application";
		};
/* End PBXNativeTarget section */

/* Begin PBXProject section */
		DCE36BD92C6CD6A2005E867A /* Project object */ = {
			isa = PBXProject;
			attributes = {
				BuildIndependentTargetsInParallel = 1;
				LastSwiftUpdateCheck = 1420;
				LastUpgradeCheck = 1420;
				TargetAttributes = {
					DCE36BE02C6CD6A2005E867A = {
						CreatedOnToolsVersion = 14.2;
					};
				};
			};
			buildConfigurationList = DCE36BDC2C6CD6A2005E867A /* Build configuration list for PBXProject "revisaoprova" */;
			compatibilityVersion = "Xcode 14.0";
			developmentRegion = en;
			hasScannedForEncodings = 0;
			knownRegions = (
				en,
				Base,
			);
			mainGroup = DCE36BD82C6CD6A2005E867A;
			productRefGroup = DCE36BE22C6CD6A2005E867A /* Products */;
			projectDirPath = "";
			projectRoot = "";
			targets = (
				DCE36BE02C6CD6A2005E867A /* revisaoprova */,
			);
		};
/* End PBXProject section */

/* Begin PBXResourcesBuildPhase section */
		DCE36BDF2C6CD6A2005E867A /* Resources */ = {
			isa = PBXResourcesBuildPhase;
			buildActionMask = 2147483647;
			files = (
				DCE36BF12C6CD6A4005E867A /* LaunchScreen.storyboard in Resources */,
				DCE36BEE2C6CD6A4005E867A /* Assets.xcassets in Resources */,
				DCE36BEC2C6CD6A2005E867A /* Main.storyboard in Resources */,
			);
			runOnlyForDeploymentPostprocessing = 0;
		};
/* End PBXResourcesBuildPhase section */

/* Begin PBXSourcesBuildPhase section */
		DCE36BDD2C6CD6A2005E867A /* Sources */ = {
			isa = PBXSourcesBuildPhase;
			buildActionMask = 2147483647;
			files = (
				DCE36C032C6CEF6A005E867A /* detalhesViewController.swift in Sources */,
				DCE36BE92C6CD6A2005E867A /* ViewController.swift in Sources */,
				DCE36BE52C6CD6A2005E867A /* AppDelegate.swift in Sources */,
				DCE36C012C6CE70D005E867A /* filmeCell.swift in Sources */,
				DCE36BE72C6CD6A2005E867A /* SceneDelegate.swift in Sources */,
				DCE36BFB2C6CDFF3005E867A /* filmes.swift in Sources */,
				DCE36C052C6CF87B005E867A /* formesViewController.swift in Sources */,
			);
			runOnlyForDeploymentPostprocessing = 0;
		};
/* End PBXSourcesBuildPhase section */

/* Begin PBXVariantGroup section */
		DCE36BEA2C6CD6A2005E867A /* Main.storyboard */ = {
			isa = PBXVariantGroup;
			children = (
				DCE36BEB2C6CD6A2005E867A /* Base */,
			);
			name = Main.storyboard;
			sourceTree = "<group>";
		};
		DCE36BEF2C6CD6A4005E867A /* LaunchScreen.storyboard */ = {
			isa = PBXVariantGroup;
			children = (
				DCE36BF02C6CD6A4005E867A /* Base */,
			);
			name = LaunchScreen.storyboard;
			sourceTree = "<group>";
		};
/* End PBXVariantGroup section */

/* Begin XCBuildConfiguration section */
		DCE36BF32C6CD6A4005E867A /* Debug */ = {
			isa = XCBuildConfiguration;
			buildSettings = {
				ALWAYS_SEARCH_USER_PATHS = NO;
				CLANG_ANALYZER_NONNULL = YES;
				CLANG_ANALYZER_NUMBER_OBJECT_CONVERSION = YES_AGGRESSIVE;
				CLANG_CXX_LANGUAGE_STANDARD = "gnu++20";
				CLANG_ENABLE_MODULES = YES;
				CLANG_ENABLE_OBJC_ARC = YES;
				CLANG_ENABLE_OBJC_WEAK = YES;
				CLANG_WARN_BLOCK_CAPTURE_AUTORELEASING = YES;
				CLANG_WARN_BOOL_CONVERSION = YES;
				CLANG_WARN_COMMA = YES;
				CLANG_WARN_CONSTANT_CONVERSION = YES;
				CLANG_WARN_DEPRECATED_OBJC_IMPLEMENTATIONS = YES;
				CLANG_WARN_DIRECT_OBJC_ISA_USAGE = YES_ERROR;
				CLANG_WARN_DOCUMENTATION_COMMENTS = YES;
				CLANG_WARN_EMPTY_BODY = YES;
				CLANG_WARN_ENUM_CONVERSION = YES;
				CLANG_WARN_INFINITE_RECURSION = YES;
				CLANG_WARN_INT_CONVERSION = YES;
				CLANG_WARN_NON_LITERAL_NULL_CONVERSION = YES;
				CLANG_WARN_OBJC_IMPLICIT_RETAIN_SELF = YES;
				CLANG_WARN_OBJC_LITERAL_CONVERSION = YES;
				CLANG_WARN_OBJC_ROOT_CLASS = YES_ERROR;
				CLANG_WARN_QUOTED_INCLUDE_IN_FRAMEWORK_HEADER = YES;
				CLANG_WARN_RANGE_LOOP_ANALYSIS = YES;
				CLANG_WARN_STRICT_PROTOTYPES = YES;
				CLANG_WARN_SUSPICIOUS_MOVE = YES;
				CLANG_WARN_UNGUARDED_AVAILABILITY = YES_AGGRESSIVE;
				CLANG_WARN_UNREACHABLE_CODE = YES;
				CLANG_WARN__DUPLICATE_METHOD_MATCH = YES;
				COPY_PHASE_STRIP = NO;
				DEBUG_INFORMATION_FORMAT = dwarf;
				ENABLE_STRICT_OBJC_MSGSEND = YES;
				ENABLE_TESTABILITY = YES;
				GCC_C_LANGUAGE_STANDARD = gnu11;
				GCC_DYNAMIC_NO_PIC = NO;
				GCC_NO_COMMON_BLOCKS = YES;
				GCC_OPTIMIZATION_LEVEL = 0;
				GCC_PREPROCESSOR_DEFINITIONS = (
					"DEBUG=1",
					"$(inherited)",
				);
				GCC_WARN_64_TO_32_BIT_CONVERSION = YES;
				GCC_WARN_ABOUT_RETURN_TYPE = YES_ERROR;
				GCC_WARN_UNDECLARED_SELECTOR = YES;
				GCC_WARN_UNINITIALIZED_AUTOS = YES_AGGRESSIVE;
				GCC_WARN_UNUSED_FUNCTION = YES;
				GCC_WARN_UNUSED_VARIABLE = YES;
				IPHONEOS_DEPLOYMENT_TARGET = 16.2;
				MTL_ENABLE_DEBUG_INFO = INCLUDE_SOURCE;
				MTL_FAST_MATH = YES;
				ONLY_ACTIVE_ARCH = YES;
				SDKROOT = iphoneos;
				SWIFT_ACTIVE_COMPILATION_CONDITIONS = DEBUG;
				SWIFT_OPTIMIZATION_LEVEL = "-Onone";
			};
			name = Debug;
		};
		DCE36BF42C6CD6A4005E867A /* Release */ = {
			isa = XCBuildConfiguration;
			buildSettings = {
				ALWAYS_SEARCH_USER_PATHS = NO;
				CLANG_ANALYZER_NONNULL = YES;
				CLANG_ANALYZER_NUMBER_OBJECT_CONVERSION = YES_AGGRESSIVE;
				CLANG_CXX_LANGUAGE_STANDARD = "gnu++20";
				CLANG_ENABLE_MODULES = YES;
				CLANG_ENABLE_OBJC_ARC = YES;
				CLANG_ENABLE_OBJC_WEAK = YES;
				CLANG_WARN_BLOCK_CAPTURE_AUTORELEASING = YES;
				CLANG_WARN_BOOL_CONVERSION = YES;
				CLANG_WARN_COMMA = YES;
				CLANG_WARN_CONSTANT_CONVERSION = YES;
				CLANG_WARN_DEPRECATED_OBJC_IMPLEMENTATIONS = YES;
				CLANG_WARN_DIRECT_OBJC_ISA_USAGE = YES_ERROR;
				CLANG_WARN_DOCUMENTATION_COMMENTS = YES;
				CLANG_WARN_EMPTY_BODY = YES;
				CLANG_WARN_ENUM_CONVERSION = YES;
				CLANG_WARN_INFINITE_RECURSION = YES;
				CLANG_WARN_INT_CONVERSION = YES;
				CLANG_WARN_NON_LITERAL_NULL_CONVERSION = YES;
				CLANG_WARN_OBJC_IMPLICIT_RETAIN_SELF = YES;
				CLANG_WARN_OBJC_LITERAL_CONVERSION = YES;
				CLANG_WARN_OBJC_ROOT_CLASS = YES_ERROR;
				CLANG_WARN_QUOTED_INCLUDE_IN_FRAMEWORK_HEADER = YES;
				CLANG_WARN_RANGE_LOOP_ANALYSIS = YES;
				CLANG_WARN_STRICT_PROTOTYPES = YES;
				CLANG_WARN_SUSPICIOUS_MOVE = YES;
				CLANG_WARN_UNGUARDED_AVAILABILITY = YES_AGGRESSIVE;
				CLANG_WARN_UNREACHABLE_CODE = YES;
				CLANG_WARN__DUPLICATE_METHOD_MATCH = YES;
				COPY_PHASE_STRIP = NO;
				DEBUG_INFORMATION_FORMAT = "dwarf-with-dsym";
				ENABLE_NS_ASSERTIONS = NO;
				ENABLE_STRICT_OBJC_MSGSEND = YES;
				GCC_C_LANGUAGE_STANDARD = gnu11;
				GCC_NO_COMMON_BLOCKS = YES;
				GCC_WARN_64_TO_32_BIT_CONVERSION = YES;
				GCC_WARN_ABOUT_RETURN_TYPE = YES_ERROR;
				GCC_WARN_UNDECLARED_SELECTOR = YES;
				GCC_WARN_UNINITIALIZED_AUTOS = YES_AGGRESSIVE;
				GCC_WARN_UNUSED_FUNCTION = YES;
				GCC_WARN_UNUSED_VARIABLE = YES;
				IPHONEOS_DEPLOYMENT_TARGET = 16.2;
				MTL_ENABLE_DEBUG_INFO = NO;
				MTL_FAST_MATH = YES;
				SDKROOT = iphoneos;
				SWIFT_COMPILATION_MODE = wholemodule;
				SWIFT_OPTIMIZATION_LEVEL = "-O";
				VALIDATE_PRODUCT = YES;
			};
			name = Release;
		};
		DCE36BF62C6CD6A4005E867A /* Debug */ = {
			isa = XCBuildConfiguration;
			buildSettings = {
				ASSETCATALOG_COMPILER_APPICON_NAME = AppIcon;
				ASSETCATALOG_COMPILER_GLOBAL_ACCENT_COLOR_NAME = AccentColor;
				CODE_SIGN_STYLE = Automatic;
				CURRENT_PROJECT_VERSION = 1;
				GENERATE_INFOPLIST_FILE = YES;
				INFOPLIST_FILE = revisaoprova/Info.plist;
				INFOPLIST_KEY_UIApplicationSupportsIndirectInputEvents = YES;
				INFOPLIST_KEY_UILaunchStoryboardName = LaunchScreen;
				INFOPLIST_KEY_UIMainStoryboardFile = Main;
				INFOPLIST_KEY_UISupportedInterfaceOrientations_iPad = "UIInterfaceOrientationPortrait UIInterfaceOrientationPortraitUpsideDown UIInterfaceOrientationLandscapeLeft UIInterfaceOrientationLandscapeRight";
				INFOPLIST_KEY_UISupportedInterfaceOrientations_iPhone = "UIInterfaceOrientationPortrait UIInterfaceOrientationLandscapeLeft UIInterfaceOrientationLandscapeRight";
				LD_RUNPATH_SEARCH_PATHS = (
					"$(inherited)",
					"@executable_path/Frameworks",
				);
				MARKETING_VERSION = 1.0;
				PRODUCT_BUNDLE_IDENTIFIER = cotemig.revisaoprova;
				PRODUCT_NAME = "$(TARGET_NAME)";
				SWIFT_EMIT_LOC_STRINGS = YES;
				SWIFT_VERSION = 5.0;
				TARGETED_DEVICE_FAMILY = "1,2";
			};
			name = Debug;
		};
		DCE36BF72C6CD6A4005E867A /* Release */ = {
			isa = XCBuildConfiguration;
			buildSettings = {
				ASSETCATALOG_COMPILER_APPICON_NAME = AppIcon;
				ASSETCATALOG_COMPILER_GLOBAL_ACCENT_COLOR_NAME = AccentColor;
				CODE_SIGN_STYLE = Automatic;
				CURRENT_PROJECT_VERSION = 1;
				GENERATE_INFOPLIST_FILE = YES;
				INFOPLIST_FILE = revisaoprova/Info.plist;
				INFOPLIST_KEY_UIApplicationSupportsIndirectInputEvents = YES;
				INFOPLIST_KEY_UILaunchStoryboardName = LaunchScreen;
				INFOPLIST_KEY_UIMainStoryboardFile = Main;
				INFOPLIST_KEY_UISupportedInterfaceOrientations_iPad = "UIInterfaceOrientationPortrait UIInterfaceOrientationPortraitUpsideDown UIInterfaceOrientationLandscapeLeft UIInterfaceOrientationLandscapeRight";
				INFOPLIST_KEY_UISupportedInterfaceOrientations_iPhone = "UIInterfaceOrientationPortrait UIInterfaceOrientationLandscapeLeft UIInterfaceOrientationLandscapeRight";
				LD_RUNPATH_SEARCH_PATHS = (
					"$(inherited)",
					"@executable_path/Frameworks",
				);
				MARKETING_VERSION = 1.0;
				PRODUCT_BUNDLE_IDENTIFIER = cotemig.revisaoprova;
				PRODUCT_NAME = "$(TARGET_NAME)";
				SWIFT_EMIT_LOC_STRINGS = YES;
				SWIFT_VERSION = 5.0;
				TARGETED_DEVICE_FAMILY = "1,2";
			};
			name = Release;
		};
/* End XCBuildConfiguration section */

/* Begin XCConfigurationList section */
		DCE36BDC2C6CD6A2005E867A /* Build configuration list for PBXProject "revisaoprova" */ = {
			isa = XCConfigurationList;
			buildConfigurations = (
				DCE36BF32C6CD6A4005E867A /* Debug */,
				DCE36BF42C6CD6A4005E867A /* Release */,
			);
			defaultConfigurationIsVisible = 0;
			defaultConfigurationName = Release;
		};
		DCE36BF52C6CD6A4005E867A /* Build configuration list for PBXNativeTarget "revisaoprova" */ = {
			isa = XCConfigurationList;
			buildConfigurations = (
				DCE36BF62C6CD6A4005E867A /* Debug */,
				DCE36BF72C6CD6A4005E867A /* Release */,
			);
			defaultConfigurationIsVisible = 0;
			defaultConfigurationName = Release;
		};
/* End XCConfigurationList section */
	};
	rootObject = DCE36BD92C6CD6A2005E867A /* Project object */;
}
